
Microsoft Visual Studio Solution File, Format Version 12.00
# Visual Studio Version 17
VisualStudioVersion = 17.5.2.0
MinimumVisualStudioVersion = 10.0.40219.1
Project("{2150E333-8FDC-42A3-9474-1A3956D46DE8}") = "projects", "projects", "{827E0CD3-B72D-47B6-A68D-7590B98EB39B}"
EndProject
Project("{FAE04EC0-301F-11D3-BF4B-00C04F79EFBC}") = "Hashish", "projects\Hashish\Hashish.csproj", "{1A49DFCF-26FE-5C94-962C-B8495F8C0016}"
EndProject
Project("{FAE04EC0-301F-11D3-BF4B-00C04F79EFBC}") = "Estimators", "projects\Estimators\Estimators.csproj", "{50B7E5D1-3EC1-4C99-87BE-7D3B147784C5}"
EndProject
Project("{FAE04EC0-301F-11D3-BF4B-00C04F79EFBC}") = "VizCore", "projects\VizCore\VizCore.csproj", "{93975713-56E5-464A-8263-9D5A90DF1F15}"
EndProject
Project("{FAE04EC0-301F-11D3-BF4B-00C04F79EFBC}") = "VizApi", "projects\VizApi\VizApi.csproj", "{135A9F7D-D058-44FE-A9D1-266E3E9B23CE}"
EndProject
Project("{FAE04EC0-301F-11D3-BF4B-00C04F79EFBC}") = "Graphs.Primitives", "projects\Graphs.Primitives\Graphs.Primitives.csproj", "{DDA9CD74-7357-4AD3-BA53-362C54E26EAC}"
EndProject
Project("{FAE04EC0-301F-11D3-BF4B-00C04F79EFBC}") = "Clustering.SPC", "projects\Clustering.SPC\Clustering.SPC.csproj", "{E23D7649-668A-4C88-9DE7-D4CA9135A058}"
EndProject
Project("{FAE04EC0-301F-11D3-BF4B-00C04F79EFBC}") = "Graphs.Proximity", "projects\Graphs.Proximity\Graphs.Proximity.csproj", "{75430043-593E-4505-B287-68A43CB93F0C}"
EndProject
Project("{FAE04EC0-301F-11D3-BF4B-00C04F79EFBC}") = "Graphs.Coupling", "projects\Graphs.Coupling\Graphs.Coupling.csproj", "{76F3A22F-D138-4183-A9B4-64EBD5AC7D68}"
EndProject
Project("{2150E333-8FDC-42A3-9474-1A3956D46DE8}") = "Clustering.GMM", "Clustering.GMM", "{74DC9454-AE54-FAAF-E69F-822A62C462BC}"
EndProject
Project("{FAE04EC0-301F-11D3-BF4B-00C04F79EFBC}") = "Cluster.GMM", "projects\Clustering.GMM\Cluster.GMM.csproj", "{D7D8C9B3-2466-4D8F-89A0-0DAFC64B2CAB}"
EndProject
Project("{FAE04EC0-301F-11D3-BF4B-00C04F79EFBC}") = "Clustering.Init", "projects\Clustering.Init\Clustering.Init.csproj", "{8C5F18C4-C3DC-48B1-AE61-20F639760999}"
EndProject
Project("{FAE04EC0-301F-11D3-BF4B-00C04F79EFBC}") = "TDA.Mapper", "projects\TDA.Mapper\TDA.Mapper.csproj", "{F12ED0A4-EA07-42A2-A9B1-7050817AE008}"
EndProject
Project("{FAE04EC0-301F-11D3-BF4B-00C04F79EFBC}") = "TDA.Primitives", "projects\TDA.Primitives\TDA.Primitives.csproj", "{B7B4705B-6D7F-46C9-A5CC-293D2B534DCF}"
EndProject
Project("{FAE04EC0-301F-11D3-BF4B-00C04F79EFBC}") = "Graphs.Distance", "projects\Graphs.Distance\Graphs.Distance.csproj", "{D03D10D7-2FFC-4050-BC3E-AE3A4FCD24C0}"
EndProject
Project("{FAE04EC0-301F-11D3-BF4B-00C04F79EFBC}") = "Maths.Rng", "projects\Maths.Rng\Maths.Rng.csproj", "{E61A1F9D-A23A-4C9C-B02B-C59C2D587A81}"
EndProject
Project("{2150E333-8FDC-42A3-9474-1A3956D46DE8}") = "Maths.LinAlg", "Maths.LinAlg", "{1F24FD4C-4520-661A-22E8-DE1722D63EC3}"
EndProject
Project("{FAE04EC0-301F-11D3-BF4B-00C04F79EFBC}") = "Maths.LinAlg", "projects\Maths.LinAlg\Maths.LinAlg.csproj", "{D0D224A2-9824-4C62-B142-5EE74607D4E5}"
EndProject
Project("{FAE04EC0-301F-11D3-BF4B-00C04F79EFBC}") = "Maths.Geometry", "projects\Maths.Geometry\Maths.Geometry.csproj", "{8B360C9A-3D1C-4B22-AF10-083B3EB60821}"
EndProject
Project("{FAE04EC0-301F-11D3-BF4B-00C04F79EFBC}") = "Maths.Optimization", "projects\Maths.Optimization\Maths.Optimization.csproj", "{A3535D1C-EF57-4E84-B9B2-B98C7D7DF079}"
EndProject
Project("{FAE04EC0-301F-11D3-BF4B-00C04F79EFBC}") = "Maths.Information", "projects\Maths.Information\Maths.Information.csproj", "{D95E651F-29A1-4A42-9AD6-D37D7043B635}"
EndProject
Project("{2150E333-8FDC-42A3-9474-1A3956D46DE8}") = "tests", "tests", "{CEA09484-30F6-4D44-02F6-822E06DBC57C}"
EndProject
Project("{FAE04EC0-301F-11D3-BF4B-00C04F79EFBC}") = "Spc.BlattAnalyze", "projects\tests\Spc.BlattAnalyze\Spc.BlattAnalyze.csproj", "{E45ACE65-1372-4FF2-9464-BE5E9B899EAA}"
EndProject
Project("{FAE04EC0-301F-11D3-BF4B-00C04F79EFBC}") = "Spc.BlattSmoke", "projects\tests\Spc.BlattSmoke\Spc.BlattSmoke.csproj", "{ECA3B0B7-2308-48F4-B199-8AAD00D434B1}"
EndProject
Project("{FAE04EC0-301F-11D3-BF4B-00C04F79EFBC}") = "Spc.HyperbolicSmoke", "projects\tests\Spc.HyperbolicSmoke\Spc.HyperbolicSmoke.csproj", "{56F3B94B-1C64-4F15-B0D4-A71CF19A81FC}"
EndProject
Project("{2150E333-8FDC-42A3-9474-1A3956D46DE8}") = "TDA.Mapper", "TDA.Mapper", "{CF9C19FC-219A-3783-EF65-2DBA4E06A31C}"
EndProject
Project("{FAE04EC0-301F-11D3-BF4B-00C04F79EFBC}") = "TDA.Mapper.Tests", "projects\tests\TDA.Mapper\TDA.Mapper.Tests.csproj", "{E0B20132-D75A-4A2F-8E1E-6D1ABB85C1C0}"
EndProject
Project("{FAE04EC0-301F-11D3-BF4B-00C04F79EFBC}") = "VizCoreSmoke", "projects\tests\VizCoreSmoke\VizCoreSmoke.csproj", "{D2A8392D-3D35-4BAB-AE84-56A2B0FD05E5}"
EndProject
Project("{FAE04EC0-301F-11D3-BF4B-00C04F79EFBC}") = "Synthetic", "projects\Synthetic\Synthetic.csproj", "{16E2629F-A169-490F-B7DD-DAA8159761D3}"
EndProject
Project("{FAE04EC0-301F-11D3-BF4B-00C04F79EFBC}") = "VizCore.Tests", "projects\tests\VizCore.Tests\VizCore.Tests.csproj", "{8EA6B607-4F41-4E35-9BC1-6C60E563A011}"
EndProject
Project("{2150E333-8FDC-42A3-9474-1A3956D46DE8}") = "test-infra", "test-infra", "{2F57E1EA-BE74-4F6B-887E-F8D89D5A7D07}"
	ProjectSection(SolutionItems) = preProject
		projects\tests\Directory.Build.targets = projects\tests\Directory.Build.targets
		projects\tests\HarnessArtifacts.cs = projects\tests\HarnessArtifacts.cs
	EndProjectSection
EndProject
Global
	GlobalSection(SolutionConfigurationPlatforms) = preSolution
		Debug|Any CPU = Debug|Any CPU
		Debug|x64 = Debug|x64
		Debug|x86 = Debug|x86
		Release|Any CPU = Release|Any CPU
		Release|x64 = Release|x64
		Release|x86 = Release|x86
	EndGlobalSection
	GlobalSection(ProjectConfigurationPlatforms) = postSolution
		{1A49DFCF-26FE-5C94-962C-B8495F8C0016}.Debug|Any CPU.ActiveCfg = Debug|Any CPU
		{1A49DFCF-26FE-5C94-962C-B8495F8C0016}.Debug|Any CPU.Build.0 = Debug|Any CPU
		{1A49DFCF-26FE-5C94-962C-B8495F8C0016}.Debug|x64.ActiveCfg = Debug|Any CPU
		{1A49DFCF-26FE-5C94-962C-B8495F8C0016}.Debug|x64.Build.0 = Debug|Any CPU
		{1A49DFCF-26FE-5C94-962C-B8495F8C0016}.Debug|x86.ActiveCfg = Debug|Any CPU
		{1A49DFCF-26FE-5C94-962C-B8495F8C0016}.Debug|x86.Build.0 = Debug|Any CPU
		{1A49DFCF-26FE-5C94-962C-B8495F8C0016}.Release|Any CPU.ActiveCfg = Release|Any CPU
		{1A49DFCF-26FE-5C94-962C-B8495F8C0016}.Release|Any CPU.Build.0 = Release|Any CPU
		{1A49DFCF-26FE-5C94-962C-B8495F8C0016}.Release|x64.ActiveCfg = Release|Any CPU
		{1A49DFCF-26FE-5C94-962C-B8495F8C0016}.Release|x64.Build.0 = Release|Any CPU
		{1A49DFCF-26FE-5C94-962C-B8495F8C0016}.Release|x86.ActiveCfg = Release|Any CPU
		{1A49DFCF-26FE-5C94-962C-B8495F8C0016}.Release|x86.Build.0 = Release|Any CPU
		{50B7E5D1-3EC1-4C99-87BE-7D3B147784C5}.Debug|Any CPU.ActiveCfg = Debug|Any CPU
		{50B7E5D1-3EC1-4C99-87BE-7D3B147784C5}.Debug|Any CPU.Build.0 = Debug|Any CPU
		{50B7E5D1-3EC1-4C99-87BE-7D3B147784C5}.Debug|x64.ActiveCfg = Debug|Any CPU
		{50B7E5D1-3EC1-4C99-87BE-7D3B147784C5}.Debug|x64.Build.0 = Debug|Any CPU
		{50B7E5D1-3EC1-4C99-87BE-7D3B147784C5}.Debug|x86.ActiveCfg = Debug|Any CPU
		{50B7E5D1-3EC1-4C99-87BE-7D3B147784C5}.Debug|x86.Build.0 = Debug|Any CPU
		{50B7E5D1-3EC1-4C99-87BE-7D3B147784C5}.Release|Any CPU.ActiveCfg = Release|Any CPU
		{50B7E5D1-3EC1-4C99-87BE-7D3B147784C5}.Release|Any CPU.Build.0 = Release|Any CPU
		{50B7E5D1-3EC1-4C99-87BE-7D3B147784C5}.Release|x64.ActiveCfg = Release|Any CPU
		{50B7E5D1-3EC1-4C99-87BE-7D3B147784C5}.Release|x64.Build.0 = Release|Any CPU
		{50B7E5D1-3EC1-4C99-87BE-7D3B147784C5}.Release|x86.ActiveCfg = Release|Any CPU
		{50B7E5D1-3EC1-4C99-87BE-7D3B147784C5}.Release|x86.Build.0 = Release|Any CPU
		{93975713-56E5-464A-8263-9D5A90DF1F15}.Debug|Any CPU.ActiveCfg = Debug|Any CPU
		{93975713-56E5-464A-8263-9D5A90DF1F15}.Debug|Any CPU.Build.0 = Debug|Any CPU
		{93975713-56E5-464A-8263-9D5A90DF1F15}.Debug|x64.ActiveCfg = Debug|Any CPU
		{93975713-56E5-464A-8263-9D5A90DF1F15}.Debug|x64.Build.0 = Debug|Any CPU
		{93975713-56E5-464A-8263-9D5A90DF1F15}.Debug|x86.ActiveCfg = Debug|Any CPU
		{93975713-56E5-464A-8263-9D5A90DF1F15}.Debug|x86.Build.0 = Debug|Any CPU
		{93975713-56E5-464A-8263-9D5A90DF1F15}.Release|Any CPU.ActiveCfg = Release|Any CPU
		{93975713-56E5-464A-8263-9D5A90DF1F15}.Release|Any CPU.Build.0 = Release|Any CPU
		{93975713-56E5-464A-8263-9D5A90DF1F15}.Release|x64.ActiveCfg = Release|Any CPU
		{93975713-56E5-464A-8263-9D5A90DF1F15}.Release|x64.Build.0 = Release|Any CPU
		{93975713-56E5-464A-8263-9D5A90DF1F15}.Release|x86.ActiveCfg = Release|Any CPU
		{93975713-56E5-464A-8263-9D5A90DF1F15}.Release|x86.Build.0 = Release|Any CPU
		{135A9F7D-D058-44FE-A9D1-266E3E9B23CE}.Debug|Any CPU.ActiveCfg = Debug|Any CPU
		{135A9F7D-D058-44FE-A9D1-266E3E9B23CE}.Debug|Any CPU.Build.0 = Debug|Any CPU
		{135A9F7D-D058-44FE-A9D1-266E3E9B23CE}.Debug|x64.ActiveCfg = Debug|Any CPU
		{135A9F7D-D058-44FE-A9D1-266E3E9B23CE}.Debug|x64.Build.0 = Debug|Any CPU
		{135A9F7D-D058-44FE-A9D1-266E3E9B23CE}.Debug|x86.ActiveCfg = Debug|Any CPU
		{135A9F7D-D058-44FE-A9D1-266E3E9B23CE}.Debug|x86.Build.0 = Debug|Any CPU
		{135A9F7D-D058-44FE-A9D1-266E3E9B23CE}.Release|Any CPU.ActiveCfg = Release|Any CPU
		{135A9F7D-D058-44FE-A9D1-266E3E9B23CE}.Release|Any CPU.Build.0 = Release|Any CPU
		{135A9F7D-D058-44FE-A9D1-266E3E9B23CE}.Release|x64.ActiveCfg = Release|Any CPU
		{135A9F7D-D058-44FE-A9D1-266E3E9B23CE}.Release|x64.Build.0 = Release|Any CPU
		{135A9F7D-D058-44FE-A9D1-266E3E9B23CE}.Release|x86.ActiveCfg = Release|Any CPU
		{135A9F7D-D058-44FE-A9D1-266E3E9B23CE}.Release|x86.Build.0 = Release|Any CPU
		{DDA9CD74-7357-4AD3-BA53-362C54E26EAC}.Debug|Any CPU.ActiveCfg = Debug|Any CPU
		{DDA9CD74-7357-4AD3-BA53-362C54E26EAC}.Debug|Any CPU.Build.0 = Debug|Any CPU
		{DDA9CD74-7357-4AD3-BA53-362C54E26EAC}.Debug|x64.ActiveCfg = Debug|Any CPU
		{DDA9CD74-7357-4AD3-BA53-362C54E26EAC}.Debug|x64.Build.0 = Debug|Any CPU
		{DDA9CD74-7357-4AD3-BA53-362C54E26EAC}.Debug|x86.ActiveCfg = Debug|Any CPU
		{DDA9CD74-7357-4AD3-BA53-362C54E26EAC}.Debug|x86.Build.0 = Debug|Any CPU
		{DDA9CD74-7357-4AD3-BA53-362C54E26EAC}.Release|Any CPU.ActiveCfg = Release|Any CPU
		{DDA9CD74-7357-4AD3-BA53-362C54E26EAC}.Release|Any CPU.Build.0 = Release|Any CPU
		{DDA9CD74-7357-4AD3-BA53-362C54E26EAC}.Release|x64.ActiveCfg = Release|Any CPU
		{DDA9CD74-7357-4AD3-BA53-362C54E26EAC}.Release|x64.Build.0 = Release|Any CPU
		{DDA9CD74-7357-4AD3-BA53-362C54E26EAC}.Release|x86.ActiveCfg = Release|Any CPU
		{DDA9CD74-7357-4AD3-BA53-362C54E26EAC}.Release|x86.Build.0 = Release|Any CPU
		{E23D7649-668A-4C88-9DE7-D4CA9135A058}.Debug|Any CPU.ActiveCfg = Debug|Any CPU
		{E23D7649-668A-4C88-9DE7-D4CA9135A058}.Debug|Any CPU.Build.0 = Debug|Any CPU
		{E23D7649-668A-4C88-9DE7-D4CA9135A058}.Debug|x64.ActiveCfg = Debug|Any CPU
		{E23D7649-668A-4C88-9DE7-D4CA9135A058}.Debug|x64.Build.0 = Debug|Any CPU
		{E23D7649-668A-4C88-9DE7-D4CA9135A058}.Debug|x86.ActiveCfg = Debug|Any CPU
		{E23D7649-668A-4C88-9DE7-D4CA9135A058}.Debug|x86.Build.0 = Debug|Any CPU
		{E23D7649-668A-4C88-9DE7-D4CA9135A058}.Release|Any CPU.ActiveCfg = Release|Any CPU
		{E23D7649-668A-4C88-9DE7-D4CA9135A058}.Release|Any CPU.Build.0 = Release|Any CPU
		{E23D7649-668A-4C88-9DE7-D4CA9135A058}.Release|x64.ActiveCfg = Release|Any CPU
		{E23D7649-668A-4C88-9DE7-D4CA9135A058}.Release|x64.Build.0 = Release|Any CPU
		{E23D7649-668A-4C88-9DE7-D4CA9135A058}.Release|x86.ActiveCfg = Release|Any CPU
		{E23D7649-668A-4C88-9DE7-D4CA9135A058}.Release|x86.Build.0 = Release|Any CPU
		{75430043-593E-4505-B287-68A43CB93F0C}.Debug|Any CPU.ActiveCfg = Debug|Any CPU
		{75430043-593E-4505-B287-68A43CB93F0C}.Debug|Any CPU.Build.0 = Debug|Any CPU
		{75430043-593E-4505-B287-68A43CB93F0C}.Debug|x64.ActiveCfg = Debug|Any CPU
		{75430043-593E-4505-B287-68A43CB93F0C}.Debug|x64.Build.0 = Debug|Any CPU
		{75430043-593E-4505-B287-68A43CB93F0C}.Debug|x86.ActiveCfg = Debug|Any CPU
		{75430043-593E-4505-B287-68A43CB93F0C}.Debug|x86.Build.0 = Debug|Any CPU
		{75430043-593E-4505-B287-68A43CB93F0C}.Release|Any CPU.ActiveCfg = Release|Any CPU
		{75430043-593E-4505-B287-68A43CB93F0C}.Release|Any CPU.Build.0 = Release|Any CPU
		{75430043-593E-4505-B287-68A43CB93F0C}.Release|x64.ActiveCfg = Release|Any CPU
		{75430043-593E-4505-B287-68A43CB93F0C}.Release|x64.Build.0 = Release|Any CPU
		{75430043-593E-4505-B287-68A43CB93F0C}.Release|x86.ActiveCfg = Release|Any CPU
		{75430043-593E-4505-B287-68A43CB93F0C}.Release|x86.Build.0 = Release|Any CPU
		{76F3A22F-D138-4183-A9B4-64EBD5AC7D68}.Debug|Any CPU.ActiveCfg = Debug|Any CPU
		{76F3A22F-D138-4183-A9B4-64EBD5AC7D68}.Debug|Any CPU.Build.0 = Debug|Any CPU
		{76F3A22F-D138-4183-A9B4-64EBD5AC7D68}.Debug|x64.ActiveCfg = Debug|Any CPU
		{76F3A22F-D138-4183-A9B4-64EBD5AC7D68}.Debug|x64.Build.0 = Debug|Any CPU
		{76F3A22F-D138-4183-A9B4-64EBD5AC7D68}.Debug|x86.ActiveCfg = Debug|Any CPU
		{76F3A22F-D138-4183-A9B4-64EBD5AC7D68}.Debug|x86.Build.0 = Debug|Any CPU
		{76F3A22F-D138-4183-A9B4-64EBD5AC7D68}.Release|Any CPU.ActiveCfg = Release|Any CPU
		{76F3A22F-D138-4183-A9B4-64EBD5AC7D68}.Release|Any CPU.Build.0 = Release|Any CPU
		{76F3A22F-D138-4183-A9B4-64EBD5AC7D68}.Release|x64.ActiveCfg = Release|Any CPU
		{76F3A22F-D138-4183-A9B4-64EBD5AC7D68}.Release|x64.Build.0 = Release|Any CPU
		{76F3A22F-D138-4183-A9B4-64EBD5AC7D68}.Release|x86.ActiveCfg = Release|Any CPU
		{76F3A22F-D138-4183-A9B4-64EBD5AC7D68}.Release|x86.Build.0 = Release|Any CPU
		{D7D8C9B3-2466-4D8F-89A0-0DAFC64B2CAB}.Debug|Any CPU.ActiveCfg = Debug|Any CPU
		{D7D8C9B3-2466-4D8F-89A0-0DAFC64B2CAB}.Debug|Any CPU.Build.0 = Debug|Any CPU
		{D7D8C9B3-2466-4D8F-89A0-0DAFC64B2CAB}.Debug|x64.ActiveCfg = Debug|Any CPU
		{D7D8C9B3-2466-4D8F-89A0-0DAFC64B2CAB}.Debug|x64.Build.0 = Debug|Any CPU
		{D7D8C9B3-2466-4D8F-89A0-0DAFC64B2CAB}.Debug|x86.ActiveCfg = Debug|Any CPU
		{D7D8C9B3-2466-4D8F-89A0-0DAFC64B2CAB}.Debug|x86.Build.0 = Debug|Any CPU
		{D7D8C9B3-2466-4D8F-89A0-0DAFC64B2CAB}.Release|Any CPU.ActiveCfg = Release|Any CPU
		{D7D8C9B3-2466-4D8F-89A0-0DAFC64B2CAB}.Release|Any CPU.Build.0 = Release|Any CPU
		{D7D8C9B3-2466-4D8F-89A0-0DAFC64B2CAB}.Release|x64.ActiveCfg = Release|Any CPU
		{D7D8C9B3-2466-4D8F-89A0-0DAFC64B2CAB}.Release|x64.Build.0 = Release|Any CPU
		{D7D8C9B3-2466-4D8F-89A0-0DAFC64B2CAB}.Release|x86.ActiveCfg = Release|Any CPU
		{D7D8C9B3-2466-4D8F-89A0-0DAFC64B2CAB}.Release|x86.Build.0 = Release|Any CPU
		{8C5F18C4-C3DC-48B1-AE61-20F639760999}.Debug|Any CPU.ActiveCfg = Debug|Any CPU
		{8C5F18C4-C3DC-48B1-AE61-20F639760999}.Debug|Any CPU.Build.0 = Debug|Any CPU
		{8C5F18C4-C3DC-48B1-AE61-20F639760999}.Debug|x64.ActiveCfg = Debug|Any CPU
		{8C5F18C4-C3DC-48B1-AE61-20F639760999}.Debug|x64.Build.0 = Debug|Any CPU
		{8C5F18C4-C3DC-48B1-AE61-20F639760999}.Debug|x86.ActiveCfg = Debug|Any CPU
		{8C5F18C4-C3DC-48B1-AE61-20F639760999}.Debug|x86.Build.0 = Debug|Any CPU
		{8C5F18C4-C3DC-48B1-AE61-20F639760999}.Release|Any CPU.ActiveCfg = Release|Any CPU
		{8C5F18C4-C3DC-48B1-AE61-20F639760999}.Release|Any CPU.Build.0 = Release|Any CPU
		{8C5F18C4-C3DC-48B1-AE61-20F639760999}.Release|x64.ActiveCfg = Release|Any CPU
		{8C5F18C4-C3DC-48B1-AE61-20F639760999}.Release|x64.Build.0 = Release|Any CPU
		{8C5F18C4-C3DC-48B1-AE61-20F639760999}.Release|x86.ActiveCfg = Release|Any CPU
		{8C5F18C4-C3DC-48B1-AE61-20F639760999}.Release|x86.Build.0 = Release|Any CPU
		{F12ED0A4-EA07-42A2-A9B1-7050817AE008}.Debug|Any CPU.ActiveCfg = Debug|Any CPU
		{F12ED0A4-EA07-42A2-A9B1-7050817AE008}.Debug|Any CPU.Build.0 = Debug|Any CPU
		{F12ED0A4-EA07-42A2-A9B1-7050817AE008}.Debug|x64.ActiveCfg = Debug|Any CPU
		{F12ED0A4-EA07-42A2-A9B1-7050817AE008}.Debug|x64.Build.0 = Debug|Any CPU
		{F12ED0A4-EA07-42A2-A9B1-7050817AE008}.Debug|x86.ActiveCfg = Debug|Any CPU
		{F12ED0A4-EA07-42A2-A9B1-7050817AE008}.Debug|x86.Build.0 = Debug|Any CPU
		{F12ED0A4-EA07-42A2-A9B1-7050817AE008}.Release|Any CPU.ActiveCfg = Release|Any CPU
		{F12ED0A4-EA07-42A2-A9B1-7050817AE008}.Release|Any CPU.Build.0 = Release|Any CPU
		{F12ED0A4-EA07-42A2-A9B1-7050817AE008}.Release|x64.ActiveCfg = Release|Any CPU
		{F12ED0A4-EA07-42A2-A9B1-7050817AE008}.Release|x64.Build.0 = Release|Any CPU
		{F12ED0A4-EA07-42A2-A9B1-7050817AE008}.Release|x86.ActiveCfg = Release|Any CPU
		{F12ED0A4-EA07-42A2-A9B1-7050817AE008}.Release|x86.Build.0 = Release|Any CPU
		{B7B4705B-6D7F-46C9-A5CC-293D2B534DCF}.Debug|Any CPU.ActiveCfg = Debug|Any CPU
		{B7B4705B-6D7F-46C9-A5CC-293D2B534DCF}.Debug|Any CPU.Build.0 = Debug|Any CPU
		{B7B4705B-6D7F-46C9-A5CC-293D2B534DCF}.Debug|x64.ActiveCfg = Debug|Any CPU
		{B7B4705B-6D7F-46C9-A5CC-293D2B534DCF}.Debug|x64.Build.0 = Debug|Any CPU
		{B7B4705B-6D7F-46C9-A5CC-293D2B534DCF}.Debug|x86.ActiveCfg = Debug|Any CPU
		{B7B4705B-6D7F-46C9-A5CC-293D2B534DCF}.Debug|x86.Build.0 = Debug|Any CPU
		{B7B4705B-6D7F-46C9-A5CC-293D2B534DCF}.Release|Any CPU.ActiveCfg = Release|Any CPU
		{B7B4705B-6D7F-46C9-A5CC-293D2B534DCF}.Release|Any CPU.Build.0 = Release|Any CPU
		{B7B4705B-6D7F-46C9-A5CC-293D2B534DCF}.Release|x64.ActiveCfg = Release|Any CPU
		{B7B4705B-6D7F-46C9-A5CC-293D2B534DCF}.Release|x64.Build.0 = Release|Any CPU
		{B7B4705B-6D7F-46C9-A5CC-293D2B534DCF}.Release|x86.ActiveCfg = Release|Any CPU
		{B7B4705B-6D7F-46C9-A5CC-293D2B534DCF}.Release|x86.Build.0 = Release|Any CPU
		{D03D10D7-2FFC-4050-BC3E-AE3A4FCD24C0}.Debug|Any CPU.ActiveCfg = Debug|Any CPU
		{D03D10D7-2FFC-4050-BC3E-AE3A4FCD24C0}.Debug|Any CPU.Build.0 = Debug|Any CPU
		{D03D10D7-2FFC-4050-BC3E-AE3A4FCD24C0}.Debug|x64.ActiveCfg = Debug|Any CPU
		{D03D10D7-2FFC-4050-BC3E-AE3A4FCD24C0}.Debug|x64.Build.0 = Debug|Any CPU
		{D03D10D7-2FFC-4050-BC3E-AE3A4FCD24C0}.Debug|x86.ActiveCfg = Debug|Any CPU
		{D03D10D7-2FFC-4050-BC3E-AE3A4FCD24C0}.Debug|x86.Build.0 = Debug|Any CPU
		{D03D10D7-2FFC-4050-BC3E-AE3A4FCD24C0}.Release|Any CPU.ActiveCfg = Release|Any CPU
		{D03D10D7-2FFC-4050-BC3E-AE3A4FCD24C0}.Release|Any CPU.Build.0 = Release|Any CPU
		{D03D10D7-2FFC-4050-BC3E-AE3A4FCD24C0}.Release|x64.ActiveCfg = Release|Any CPU
		{D03D10D7-2FFC-4050-BC3E-AE3A4FCD24C0}.Release|x64.Build.0 = Release|Any CPU
		{D03D10D7-2FFC-4050-BC3E-AE3A4FCD24C0}.Release|x86.ActiveCfg = Release|Any CPU
		{D03D10D7-2FFC-4050-BC3E-AE3A4FCD24C0}.Release|x86.Build.0 = Release|Any CPU
		{E61A1F9D-A23A-4C9C-B02B-C59C2D587A81}.Debug|Any CPU.ActiveCfg = Debug|Any CPU
		{E61A1F9D-A23A-4C9C-B02B-C59C2D587A81}.Debug|Any CPU.Build.0 = Debug|Any CPU
		{E61A1F9D-A23A-4C9C-B02B-C59C2D587A81}.Debug|x64.ActiveCfg = Debug|Any CPU
		{E61A1F9D-A23A-4C9C-B02B-C59C2D587A81}.Debug|x64.Build.0 = Debug|Any CPU
		{E61A1F9D-A23A-4C9C-B02B-C59C2D587A81}.Debug|x86.ActiveCfg = Debug|Any CPU
		{E61A1F9D-A23A-4C9C-B02B-C59C2D587A81}.Debug|x86.Build.0 = Debug|Any CPU
		{E61A1F9D-A23A-4C9C-B02B-C59C2D587A81}.Release|Any CPU.ActiveCfg = Release|Any CPU
		{E61A1F9D-A23A-4C9C-B02B-C59C2D587A81}.Release|Any CPU.Build.0 = Release|Any CPU
		{E61A1F9D-A23A-4C9C-B02B-C59C2D587A81}.Release|x64.ActiveCfg = Release|Any CPU
		{E61A1F9D-A23A-4C9C-B02B-C59C2D587A81}.Release|x64.Build.0 = Release|Any CPU
		{E61A1F9D-A23A-4C9C-B02B-C59C2D587A81}.Release|x86.ActiveCfg = Release|Any CPU
		{E61A1F9D-A23A-4C9C-B02B-C59C2D587A81}.Release|x86.Build.0 = Release|Any CPU
		{D0D224A2-9824-4C62-B142-5EE74607D4E5}.Debug|Any CPU.ActiveCfg = Debug|Any CPU
		{D0D224A2-9824-4C62-B142-5EE74607D4E5}.Debug|Any CPU.Build.0 = Debug|Any CPU
		{D0D224A2-9824-4C62-B142-5EE74607D4E5}.Debug|x64.ActiveCfg = Debug|Any CPU
		{D0D224A2-9824-4C62-B142-5EE74607D4E5}.Debug|x64.Build.0 = Debug|Any CPU
		{D0D224A2-9824-4C62-B142-5EE74607D4E5}.Debug|x86.ActiveCfg = Debug|Any CPU
		{D0D224A2-9824-4C62-B142-5EE74607D4E5}.Debug|x86.Build.0 = Debug|Any CPU
		{D0D224A2-9824-4C62-B142-5EE74607D4E5}.Release|Any CPU.ActiveCfg = Release|Any CPU
		{D0D224A2-9824-4C62-B142-5EE74607D4E5}.Release|Any CPU.Build.0 = Release|Any CPU
		{D0D224A2-9824-4C62-B142-5EE74607D4E5}.Release|x64.ActiveCfg = Release|Any CPU
		{D0D224A2-9824-4C62-B142-5EE74607D4E5}.Release|x64.Build.0 = Release|Any CPU
		{D0D224A2-9824-4C62-B142-5EE74607D4E5}.Release|x86.ActiveCfg = Release|Any CPU
		{D0D224A2-9824-4C62-B142-5EE74607D4E5}.Release|x86.Build.0 = Release|Any CPU
		{8B360C9A-3D1C-4B22-AF10-083B3EB60821}.Debug|Any CPU.ActiveCfg = Debug|Any CPU
		{8B360C9A-3D1C-4B22-AF10-083B3EB60821}.Debug|Any CPU.Build.0 = Debug|Any CPU
		{8B360C9A-3D1C-4B22-AF10-083B3EB60821}.Debug|x64.ActiveCfg = Debug|Any CPU
		{8B360C9A-3D1C-4B22-AF10-083B3EB60821}.Debug|x64.Build.0 = Debug|Any CPU
		{8B360C9A-3D1C-4B22-AF10-083B3EB60821}.Debug|x86.ActiveCfg = Debug|Any CPU
		{8B360C9A-3D1C-4B22-AF10-083B3EB60821}.Debug|x86.Build.0 = Debug|Any CPU
		{8B360C9A-3D1C-4B22-AF10-083B3EB60821}.Release|Any CPU.ActiveCfg = Release|Any CPU
		{8B360C9A-3D1C-4B22-AF10-083B3EB60821}.Release|Any CPU.Build.0 = Release|Any CPU
		{8B360C9A-3D1C-4B22-AF10-083B3EB60821}.Release|x64.ActiveCfg = Release|Any CPU
		{8B360C9A-3D1C-4B22-AF10-083B3EB60821}.Release|x64.Build.0 = Release|Any CPU
		{8B360C9A-3D1C-4B22-AF10-083B3EB60821}.Release|x86.ActiveCfg = Release|Any CPU
		{8B360C9A-3D1C-4B22-AF10-083B3EB60821}.Release|x86.Build.0 = Release|Any CPU
		{A3535D1C-EF57-4E84-B9B2-B98C7D7DF079}.Debug|Any CPU.ActiveCfg = Debug|Any CPU
		{A3535D1C-EF57-4E84-B9B2-B98C7D7DF079}.Debug|Any CPU.Build.0 = Debug|Any CPU
		{A3535D1C-EF57-4E84-B9B2-B98C7D7DF079}.Debug|x64.ActiveCfg = Debug|Any CPU
		{A3535D1C-EF57-4E84-B9B2-B98C7D7DF079}.Debug|x64.Build.0 = Debug|Any CPU
		{A3535D1C-EF57-4E84-B9B2-B98C7D7DF079}.Debug|x86.ActiveCfg = Debug|Any CPU
		{A3535D1C-EF57-4E84-B9B2-B98C7D7DF079}.Debug|x86.Build.0 = Debug|Any CPU
		{A3535D1C-EF57-4E84-B9B2-B98C7D7DF079}.Release|Any CPU.ActiveCfg = Release|Any CPU
		{A3535D1C-EF57-4E84-B9B2-B98C7D7DF079}.Release|Any CPU.Build.0 = Release|Any CPU
		{A3535D1C-EF57-4E84-B9B2-B98C7D7DF079}.Release|x64.ActiveCfg = Release|Any CPU
		{A3535D1C-EF57-4E84-B9B2-B98C7D7DF079}.Release|x64.Build.0 = Release|Any CPU
		{A3535D1C-EF57-4E84-B9B2-B98C7D7DF079}.Release|x86.ActiveCfg = Release|Any CPU
		{A3535D1C-EF57-4E84-B9B2-B98C7D7DF079}.Release|x86.Build.0 = Release|Any CPU
		{D95E651F-29A1-4A42-9AD6-D37D7043B635}.Debug|Any CPU.ActiveCfg = Debug|Any CPU
		{D95E651F-29A1-4A42-9AD6-D37D7043B635}.Debug|Any CPU.Build.0 = Debug|Any CPU
		{D95E651F-29A1-4A42-9AD6-D37D7043B635}.Debug|x64.ActiveCfg = Debug|Any CPU
		{D95E651F-29A1-4A42-9AD6-D37D7043B635}.Debug|x64.Build.0 = Debug|Any CPU
		{D95E651F-29A1-4A42-9AD6-D37D7043B635}.Debug|x86.ActiveCfg = Debug|Any CPU
		{D95E651F-29A1-4A42-9AD6-D37D7043B635}.Debug|x86.Build.0 = Debug|Any CPU
		{D95E651F-29A1-4A42-9AD6-D37D7043B635}.Release|Any CPU.ActiveCfg = Release|Any CPU
		{D95E651F-29A1-4A42-9AD6-D37D7043B635}.Release|Any CPU.Build.0 = Release|Any CPU
		{D95E651F-29A1-4A42-9AD6-D37D7043B635}.Release|x64.ActiveCfg = Release|Any CPU
		{D95E651F-29A1-4A42-9AD6-D37D7043B635}.Release|x64.Build.0 = Release|Any CPU
		{D95E651F-29A1-4A42-9AD6-D37D7043B635}.Release|x86.ActiveCfg = Release|Any CPU
		{D95E651F-29A1-4A42-9AD6-D37D7043B635}.Release|x86.Build.0 = Release|Any CPU
		{E45ACE65-1372-4FF2-9464-BE5E9B899EAA}.Debug|Any CPU.ActiveCfg = Debug|Any CPU
		{E45ACE65-1372-4FF2-9464-BE5E9B899EAA}.Debug|Any CPU.Build.0 = Debug|Any CPU
		{E45ACE65-1372-4FF2-9464-BE5E9B899EAA}.Debug|x64.ActiveCfg = Debug|Any CPU
		{E45ACE65-1372-4FF2-9464-BE5E9B899EAA}.Debug|x64.Build.0 = Debug|Any CPU
		{E45ACE65-1372-4FF2-9464-BE5E9B899EAA}.Debug|x86.ActiveCfg = Debug|Any CPU
		{E45ACE65-1372-4FF2-9464-BE5E9B899EAA}.Debug|x86.Build.0 = Debug|Any CPU
		{E45ACE65-1372-4FF2-9464-BE5E9B899EAA}.Release|Any CPU.ActiveCfg = Release|Any CPU
		{E45ACE65-1372-4FF2-9464-BE5E9B899EAA}.Release|Any CPU.Build.0 = Release|Any CPU
		{E45ACE65-1372-4FF2-9464-BE5E9B899EAA}.Release|x64.ActiveCfg = Release|Any CPU
		{E45ACE65-1372-4FF2-9464-BE5E9B899EAA}.Release|x64.Build.0 = Release|Any CPU
		{E45ACE65-1372-4FF2-9464-BE5E9B899EAA}.Release|x86.ActiveCfg = Release|Any CPU
		{E45ACE65-1372-4FF2-9464-BE5E9B899EAA}.Release|x86.Build.0 = Release|Any CPU
		{ECA3B0B7-2308-48F4-B199-8AAD00D434B1}.Debug|Any CPU.ActiveCfg = Debug|Any CPU
		{ECA3B0B7-2308-48F4-B199-8AAD00D434B1}.Debug|Any CPU.Build.0 = Debug|Any CPU
		{ECA3B0B7-2308-48F4-B199-8AAD00D434B1}.Debug|x64.ActiveCfg = Debug|Any CPU
		{ECA3B0B7-2308-48F4-B199-8AAD00D434B1}.Debug|x64.Build.0 = Debug|Any CPU
		{ECA3B0B7-2308-48F4-B199-8AAD00D434B1}.Debug|x86.ActiveCfg = Debug|Any CPU
		{ECA3B0B7-2308-48F4-B199-8AAD00D434B1}.Debug|x86.Build.0 = Debug|Any CPU
		{ECA3B0B7-2308-48F4-B199-8AAD00D434B1}.Release|Any CPU.ActiveCfg = Release|Any CPU
		{ECA3B0B7-2308-48F4-B199-8AAD00D434B1}.Release|Any CPU.Build.0 = Release|Any CPU
		{ECA3B0B7-2308-48F4-B199-8AAD00D434B1}.Release|x64.ActiveCfg = Release|Any CPU
		{ECA3B0B7-2308-48F4-B199-8AAD00D434B1}.Release|x64.Build.0 = Release|Any CPU
		{ECA3B0B7-2308-48F4-B199-8AAD00D434B1}.Release|x86.ActiveCfg = Release|Any CPU
		{ECA3B0B7-2308-48F4-B199-8AAD00D434B1}.Release|x86.Build.0 = Release|Any CPU
		{56F3B94B-1C64-4F15-B0D4-A71CF19A81FC}.Debug|Any CPU.ActiveCfg = Debug|Any CPU
		{56F3B94B-1C64-4F15-B0D4-A71CF19A81FC}.Debug|Any CPU.Build.0 = Debug|Any CPU
		{56F3B94B-1C64-4F15-B0D4-A71CF19A81FC}.Debug|x64.ActiveCfg = Debug|Any CPU
		{56F3B94B-1C64-4F15-B0D4-A71CF19A81FC}.Debug|x64.Build.0 = Debug|Any CPU
		{56F3B94B-1C64-4F15-B0D4-A71CF19A81FC}.Debug|x86.ActiveCfg = Debug|Any CPU
		{56F3B94B-1C64-4F15-B0D4-A71CF19A81FC}.Debug|x86.Build.0 = Debug|Any CPU
		{56F3B94B-1C64-4F15-B0D4-A71CF19A81FC}.Release|Any CPU.ActiveCfg = Release|Any CPU
		{56F3B94B-1C64-4F15-B0D4-A71CF19A81FC}.Release|Any CPU.Build.0 = Release|Any CPU
		{56F3B94B-1C64-4F15-B0D4-A71CF19A81FC}.Release|x64.ActiveCfg = Release|Any CPU
		{56F3B94B-1C64-4F15-B0D4-A71CF19A81FC}.Release|x64.Build.0 = Release|Any CPU
		{56F3B94B-1C64-4F15-B0D4-A71CF19A81FC}.Release|x86.ActiveCfg = Release|Any CPU
		{56F3B94B-1C64-4F15-B0D4-A71CF19A81FC}.Release|x86.Build.0 = Release|Any CPU
		{E0B20132-D75A-4A2F-8E1E-6D1ABB85C1C0}.Debug|Any CPU.ActiveCfg = Debug|Any CPU
		{E0B20132-D75A-4A2F-8E1E-6D1ABB85C1C0}.Debug|Any CPU.Build.0 = Debug|Any CPU
		{E0B20132-D75A-4A2F-8E1E-6D1ABB85C1C0}.Debug|x64.ActiveCfg = Debug|Any CPU
		{E0B20132-D75A-4A2F-8E1E-6D1ABB85C1C0}.Debug|x64.Build.0 = Debug|Any CPU
		{E0B20132-D75A-4A2F-8E1E-6D1ABB85C1C0}.Debug|x86.ActiveCfg = Debug|Any CPU
		{E0B20132-D75A-4A2F-8E1E-6D1ABB85C1C0}.Debug|x86.Build.0 = Debug|Any CPU
		{E0B20132-D75A-4A2F-8E1E-6D1ABB85C1C0}.Release|Any CPU.ActiveCfg = Release|Any CPU
		{E0B20132-D75A-4A2F-8E1E-6D1ABB85C1C0}.Release|Any CPU.Build.0 = Release|Any CPU
		{E0B20132-D75A-4A2F-8E1E-6D1ABB85C1C0}.Release|x64.ActiveCfg = Release|Any CPU
		{E0B20132-D75A-4A2F-8E1E-6D1ABB85C1C0}.Release|x64.Build.0 = Release|Any CPU
		{E0B20132-D75A-4A2F-8E1E-6D1ABB85C1C0}.Release|x86.ActiveCfg = Release|Any CPU
		{E0B20132-D75A-4A2F-8E1E-6D1ABB85C1C0}.Release|x86.Build.0 = Release|Any CPU
		{D2A8392D-3D35-4BAB-AE84-56A2B0FD05E5}.Debug|Any CPU.ActiveCfg = Debug|Any CPU
		{D2A8392D-3D35-4BAB-AE84-56A2B0FD05E5}.Debug|Any CPU.Build.0 = Debug|Any CPU
		{D2A8392D-3D35-4BAB-AE84-56A2B0FD05E5}.Debug|x64.ActiveCfg = Debug|Any CPU
		{D2A8392D-3D35-4BAB-AE84-56A2B0FD05E5}.Debug|x64.Build.0 = Debug|Any CPU
		{D2A8392D-3D35-4BAB-AE84-56A2B0FD05E5}.Debug|x86.ActiveCfg = Debug|Any CPU
		{D2A8392D-3D35-4BAB-AE84-56A2B0FD05E5}.Debug|x86.Build.0 = Debug|Any CPU
		{D2A8392D-3D35-4BAB-AE84-56A2B0FD05E5}.Release|Any CPU.ActiveCfg = Release|Any CPU
		{D2A8392D-3D35-4BAB-AE84-56A2B0FD05E5}.Release|Any CPU.Build.0 = Release|Any CPU
		{D2A8392D-3D35-4BAB-AE84-56A2B0FD05E5}.Release|x64.ActiveCfg = Release|Any CPU
		{D2A8392D-3D35-4BAB-AE84-56A2B0FD05E5}.Release|x64.Build.0 = Release|Any CPU
		{D2A8392D-3D35-4BAB-AE84-56A2B0FD05E5}.Release|x86.ActiveCfg = Release|Any CPU
		{D2A8392D-3D35-4BAB-AE84-56A2B0FD05E5}.Release|x86.Build.0 = Release|Any CPU
		{16E2629F-A169-490F-B7DD-DAA8159761D3}.Debug|Any CPU.ActiveCfg = Debug|Any CPU
		{16E2629F-A169-490F-B7DD-DAA8159761D3}.Debug|Any CPU.Build.0 = Debug|Any CPU
		{16E2629F-A169-490F-B7DD-DAA8159761D3}.Debug|x64.ActiveCfg = Debug|Any CPU
		{16E2629F-A169-490F-B7DD-DAA8159761D3}.Debug|x64.Build.0 = Debug|Any CPU
		{16E2629F-A169-490F-B7DD-DAA8159761D3}.Debug|x86.ActiveCfg = Debug|Any CPU
		{16E2629F-A169-490F-B7DD-DAA8159761D3}.Debug|x86.Build.0 = Debug|Any CPU
		{16E2629F-A169-490F-B7DD-DAA8159761D3}.Release|Any CPU.ActiveCfg = Release|Any CPU
		{16E2629F-A169-490F-B7DD-DAA8159761D3}.Release|Any CPU.Build.0 = Release|Any CPU
		{16E2629F-A169-490F-B7DD-DAA8159761D3}.Release|x64.ActiveCfg = Release|Any CPU
		{16E2629F-A169-490F-B7DD-DAA8159761D3}.Release|x64.Build.0 = Release|Any CPU
		{16E2629F-A169-490F-B7DD-DAA8159761D3}.Release|x86.ActiveCfg = Release|Any CPU
		{16E2629F-A169-490F-B7DD-DAA8159761D3}.Release|x86.Build.0 = Release|Any CPU
		{8EA6B607-4F41-4E35-9BC1-6C60E563A011}.Debug|Any CPU.ActiveCfg = Debug|Any CPU
		{8EA6B607-4F41-4E35-9BC1-6C60E563A011}.Debug|Any CPU.Build.0 = Debug|Any CPU
		{8EA6B607-4F41-4E35-9BC1-6C60E563A011}.Debug|x64.ActiveCfg = Debug|Any CPU
		{8EA6B607-4F41-4E35-9BC1-6C60E563A011}.Debug|x64.Build.0 = Debug|Any CPU
		{8EA6B607-4F41-4E35-9BC1-6C60E563A011}.Debug|x86.ActiveCfg = Debug|Any CPU
		{8EA6B607-4F41-4E35-9BC1-6C60E563A011}.Debug|x86.Build.0 = Debug|Any CPU
		{8EA6B607-4F41-4E35-9BC1-6C60E563A011}.Release|Any CPU.ActiveCfg = Release|Any CPU
		{8EA6B607-4F41-4E35-9BC1-6C60E563A011}.Release|Any CPU.Build.0 = Release|Any CPU
		{8EA6B607-4F41-4E35-9BC1-6C60E563A011}.Release|x64.ActiveCfg = Release|Any CPU
		{8EA6B607-4F41-4E35-9BC1-6C60E563A011}.Release|x64.Build.0 = Release|Any CPU
		{8EA6B607-4F41-4E35-9BC1-6C60E563A011}.Release|x86.ActiveCfg = Release|Any CPU
		{8EA6B607-4F41-4E35-9BC1-6C60E563A011}.Release|x86.Build.0 = Release|Any CPU
	EndGlobalSection
	GlobalSection(SolutionProperties) = preSolution
		HideSolutionNode = FALSE
	EndGlobalSection
	GlobalSection(NestedProjects) = preSolution
		{1A49DFCF-26FE-5C94-962C-B8495F8C0016} = {827E0CD3-B72D-47B6-A68D-7590B98EB39B}
		{50B7E5D1-3EC1-4C99-87BE-7D3B147784C5} = {827E0CD3-B72D-47B6-A68D-7590B98EB39B}
		{93975713-56E5-464A-8263-9D5A90DF1F15} = {827E0CD3-B72D-47B6-A68D-7590B98EB39B}
		{135A9F7D-D058-44FE-A9D1-266E3E9B23CE} = {827E0CD3-B72D-47B6-A68D-7590B98EB39B}
		{DDA9CD74-7357-4AD3-BA53-362C54E26EAC} = {827E0CD3-B72D-47B6-A68D-7590B98EB39B}
		{E23D7649-668A-4C88-9DE7-D4CA9135A058} = {827E0CD3-B72D-47B6-A68D-7590B98EB39B}
		{75430043-593E-4505-B287-68A43CB93F0C} = {827E0CD3-B72D-47B6-A68D-7590B98EB39B}
		{76F3A22F-D138-4183-A9B4-64EBD5AC7D68} = {827E0CD3-B72D-47B6-A68D-7590B98EB39B}
		{74DC9454-AE54-FAAF-E69F-822A62C462BC} = {827E0CD3-B72D-47B6-A68D-7590B98EB39B}
		{D7D8C9B3-2466-4D8F-89A0-0DAFC64B2CAB} = {74DC9454-AE54-FAAF-E69F-822A62C462BC}
		{8C5F18C4-C3DC-48B1-AE61-20F639760999} = {827E0CD3-B72D-47B6-A68D-7590B98EB39B}
		{F12ED0A4-EA07-42A2-A9B1-7050817AE008} = {827E0CD3-B72D-47B6-A68D-7590B98EB39B}
		{B7B4705B-6D7F-46C9-A5CC-293D2B534DCF} = {827E0CD3-B72D-47B6-A68D-7590B98EB39B}
		{D03D10D7-2FFC-4050-BC3E-AE3A4FCD24C0} = {827E0CD3-B72D-47B6-A68D-7590B98EB39B}
		{E61A1F9D-A23A-4C9C-B02B-C59C2D587A81} = {827E0CD3-B72D-47B6-A68D-7590B98EB39B}
		{1F24FD4C-4520-661A-22E8-DE1722D63EC3} = {827E0CD3-B72D-47B6-A68D-7590B98EB39B}
		{D0D224A2-9824-4C62-B142-5EE74607D4E5} = {1F24FD4C-4520-661A-22E8-DE1722D63EC3}
		{8B360C9A-3D1C-4B22-AF10-083B3EB60821} = {827E0CD3-B72D-47B6-A68D-7590B98EB39B}
		{A3535D1C-EF57-4E84-B9B2-B98C7D7DF079} = {827E0CD3-B72D-47B6-A68D-7590B98EB39B}
		{D95E651F-29A1-4A42-9AD6-D37D7043B635} = {827E0CD3-B72D-47B6-A68D-7590B98EB39B}
		{CEA09484-30F6-4D44-02F6-822E06DBC57C} = {827E0CD3-B72D-47B6-A68D-7590B98EB39B}
		{E45ACE65-1372-4FF2-9464-BE5E9B899EAA} = {CEA09484-30F6-4D44-02F6-822E06DBC57C}
		{ECA3B0B7-2308-48F4-B199-8AAD00D434B1} = {CEA09484-30F6-4D44-02F6-822E06DBC57C}
		{56F3B94B-1C64-4F15-B0D4-A71CF19A81FC} = {CEA09484-30F6-4D44-02F6-822E06DBC57C}
		{CF9C19FC-219A-3783-EF65-2DBA4E06A31C} = {CEA09484-30F6-4D44-02F6-822E06DBC57C}
		{E0B20132-D75A-4A2F-8E1E-6D1ABB85C1C0} = {CF9C19FC-219A-3783-EF65-2DBA4E06A31C}
		{D2A8392D-3D35-4BAB-AE84-56A2B0FD05E5} = {CEA09484-30F6-4D44-02F6-822E06DBC57C}
		{16E2629F-A169-490F-B7DD-DAA8159761D3} = {827E0CD3-B72D-47B6-A68D-7590B98EB39B}
		{8EA6B607-4F41-4E35-9BC1-6C60E563A011} = {CEA09484-30F6-4D44-02F6-822E06DBC57C}
		{2F57E1EA-BE74-4F6B-887E-F8D89D5A7D07} = {CEA09484-30F6-4D44-02F6-822E06DBC57C}
	EndGlobalSection
	GlobalSection(ExtensibilityGlobals) = postSolution
		SolutionGuid = {0C735CF3-94E4-4C6A-90C1-DF042AF9CEA5}
	EndGlobalSection
EndGlobal
